
Microsoft Visual Studio Solution File, Format Version 12.00
# Visual Studio Version 17
VisualStudioVersion = 17.0.31903.59
MinimumVisualStudioVersion = 10.0.40219.1
Project("{FAE04EC0-301F-11D3-BF4B-00C04F79EFBC}") = "Tarantula.Crawler", "Tarantula.Crawler\Tarantula.Crawler.csproj", "{DE9A62CA-CA26-444E-8B28-FDB386CA4E59}"
EndProject
Project("{FAE04EC0-301F-11D3-BF4B-00C04F79EFBC}") = "Tarantula.Parser", "Tarantula.Parser\Tarantula.Parser.csproj", "{6D65C69E-153C-4244-B869-A8CA935772E5}"
EndProject
Project("{FAE04EC0-301F-11D3-BF4B-00C04F79EFBC}") = "Tarantula.Models", "Tarantula.Models\Tarantula.Models.csproj", "{C9414970-DD76-43AD-8437-AF0245271517}"
EndProject
Project("{FAE04EC0-301F-11D3-BF4B-00C04F79EFBC}") = "Tarantula.Runner", "Tarantula.Runner\Tarantula.Runner.csproj", "{1FBB2617-B156-4753-813E-FFEBF38924AD}"
EndProject
Project("{FAE04EC0-301F-11D3-BF4B-00C04F79EFBC}") = "Tarantula.Indexer", "Tarantula.Indexer\Tarantula.Indexer.csproj", "{FD011856-1401-4B67-A652-12F2A5F90DE7}"
EndProject
Project("{FAE04EC0-301F-11D3-BF4B-00C04F79EFBC}") = "Tarantula.API", "Tarantula.API\Tarantula.API.csproj", "{D0933E9E-40E8-42BB-A40F-581A5A37A723}"
EndProject
Project("{54A90642-561A-4BB1-A94E-469ADEE60C69}") = "Tarantula.Client", "Tarantula.Client\Tarantula.Client.esproj", "{22A0C142-D4CF-1831-5BC3-45826F196A57}"
EndProject
Global
	GlobalSection(SolutionConfigurationPlatforms) = preSolution
		Debug|Any CPU = Debug|Any CPU
		Debug|x64 = Debug|x64
		Debug|x86 = Debug|x86
		Release|Any CPU = Release|Any CPU
		Release|x64 = Release|x64
		Release|x86 = Release|x86
	EndGlobalSection
	GlobalSection(ProjectConfigurationPlatforms) = postSolution
		{DE9A62CA-CA26-444E-8B28-FDB386CA4E59}.Debug|Any CPU.ActiveCfg = Debug|Any CPU
		{DE9A62CA-CA26-444E-8B28-FDB386CA4E59}.Debug|Any CPU.Build.0 = Debug|Any CPU
		{DE9A62CA-CA26-444E-8B28-FDB386CA4E59}.Debug|x64.ActiveCfg = Debug|Any CPU
		{DE9A62CA-CA26-444E-8B28-FDB386CA4E59}.Debug|x64.Build.0 = Debug|Any CPU
		{DE9A62CA-CA26-444E-8B28-FDB386CA4E59}.Debug|x86.ActiveCfg = Debug|Any CPU
		{DE9A62CA-CA26-444E-8B28-FDB386CA4E59}.Debug|x86.Build.0 = Debug|Any CPU
		{DE9A62CA-CA26-444E-8B28-FDB386CA4E59}.Release|Any CPU.ActiveCfg = Release|Any CPU
		{DE9A62CA-CA26-444E-8B28-FDB386CA4E59}.Release|Any CPU.Build.0 = Release|Any CPU
		{DE9A62CA-CA26-444E-8B28-FDB386CA4E59}.Release|x64.ActiveCfg = Release|Any CPU
		{DE9A62CA-CA26-444E-8B28-FDB386CA4E59}.Release|x64.Build.0 = Release|Any CPU
		{DE9A62CA-CA26-444E-8B28-FDB386CA4E59}.Release|x86.ActiveCfg = Release|Any CPU
		{DE9A62CA-CA26-444E-8B28-FDB386CA4E59}.Release|x86.Build.0 = Release|Any CPU
		{6D65C69E-153C-4244-B869-A8CA935772E5}.Debug|Any CPU.ActiveCfg = Debug|Any CPU
		{6D65C69E-153C-4244-B869-A8CA935772E5}.Debug|Any CPU.Build.0 = Debug|Any CPU
		{6D65C69E-153C-4244-B869-A8CA935772E5}.Debug|x64.ActiveCfg = Debug|Any CPU
		{6D65C69E-153C-4244-B869-A8CA935772E5}.Debug|x64.Build.0 = Debug|Any CPU
		{6D65C69E-153C-4244-B869-A8CA935772E5}.Debug|x86.ActiveCfg = Debug|Any CPU
		{6D65C69E-153C-4244-B869-A8CA935772E5}.Debug|x86.Build.0 = Debug|Any CPU
		{6D65C69E-153C-4244-B869-A8CA935772E5}.Release|Any CPU.ActiveCfg = Release|Any CPU
		{6D65C69E-153C-4244-B869-A8CA935772E5}.Release|Any CPU.Build.0 = Release|Any CPU
		{6D65C69E-153C-4244-B869-A8CA935772E5}.Release|x64.ActiveCfg = Release|Any CPU
		{6D65C69E-153C-4244-B869-A8CA935772E5}.Release|x64.Build.0 = Release|Any CPU
		{6D65C69E-153C-4244-B869-A8CA935772E5}.Release|x86.ActiveCfg = Release|Any CPU
		{6D65C69E-153C-4244-B869-A8CA935772E5}.Release|x86.Build.0 = Release|Any CPU
		{C9414970-DD76-43AD-8437-AF0245271517}.Debug|Any CPU.ActiveCfg = Debug|Any CPU
		{C9414970-DD76-43AD-8437-AF0245271517}.Debug|Any CPU.Build.0 = Debug|Any CPU
		{C9414970-DD76-43AD-8437-AF0245271517}.Debug|x64.ActiveCfg = Debug|Any CPU
		{C9414970-DD76-43AD-8437-AF0245271517}.Debug|x64.Build.0 = Debug|Any CPU
		{C9414970-DD76-43AD-8437-AF0245271517}.Debug|x86.ActiveCfg = Debug|Any CPU
		{C9414970-DD76-43AD-8437-AF0245271517}.Debug|x86.Build.0 = Debug|Any CPU
		{C9414970-DD76-43AD-8437-AF0245271517}.Release|Any CPU.ActiveCfg = Release|Any CPU
		{C9414970-DD76-43AD-8437-AF0245271517}.Release|Any CPU.Build.0 = Release|Any CPU
		{C9414970-DD76-43AD-8437-AF0245271517}.Release|x64.ActiveCfg = Release|Any CPU
		{C9414970-DD76-43AD-8437-AF0245271517}.Release|x64.Build.0 = Release|Any CPU
		{C9414970-DD76-43AD-8437-AF0245271517}.Release|x86.ActiveCfg = Release|Any CPU
		{C9414970-DD76-43AD-8437-AF0245271517}.Release|x86.Build.0 = Release|Any CPU
		{1FBB2617-B156-4753-813E-FFEBF38924AD}.Debug|Any CPU.ActiveCfg = Debug|Any CPU
		{1FBB2617-B156-4753-813E-FFEBF38924AD}.Debug|Any CPU.Build.0 = Debug|Any CPU
		{1FBB2617-B156-4753-813E-FFEBF38924AD}.Debug|x64.ActiveCfg = Debug|Any CPU
		{1FBB2617-B156-4753-813E-FFEBF38924AD}.Debug|x64.Build.0 = Debug|Any CPU
		{1FBB2617-B156-4753-813E-FFEBF38924AD}.Debug|x86.ActiveCfg = Debug|Any CPU
		{1FBB2617-B156-4753-813E-FFEBF38924AD}.Debug|x86.Build.0 = Debug|Any CPU
		{1FBB2617-B156-4753-813E-FFEBF38924AD}.Release|Any CPU.ActiveCfg = Release|Any CPU
		{1FBB2617-B156-4753-813E-FFEBF38924AD}.Release|Any CPU.Build.0 = Release|Any CPU
		{1FBB2617-B156-4753-813E-FFEBF38924AD}.Release|x64.ActiveCfg = Release|Any CPU
		{1FBB2617-B156-4753-813E-FFEBF38924AD}.Release|x64.Build.0 = Release|Any CPU
		{1FBB2617-B156-4753-813E-FFEBF38924AD}.Release|x86.ActiveCfg = Release|Any CPU
		{1FBB2617-B156-4753-813E-FFEBF38924AD}.Release|x86.Build.0 = Release|Any CPU
		{FD011856-1401-4B67-A652-12F2A5F90DE7}.Debug|Any CPU.ActiveCfg = Debug|Any CPU
		{FD011856-1401-4B67-A652-12F2A5F90DE7}.Debug|Any CPU.Build.0 = Debug|Any CPU
		{FD011856-1401-4B67-A652-12F2A5F90DE7}.Debug|x64.ActiveCfg = Debug|Any CPU
		{FD011856-1401-4B67-A652-12F2A5F90DE7}.Debug|x64.Build.0 = Debug|Any CPU
		{FD011856-1401-4B67-A652-12F2A5F90DE7}.Debug|x86.ActiveCfg = Debug|Any CPU
		{FD011856-1401-4B67-A652-12F2A5F90DE7}.Debug|x86.Build.0 = Debug|Any CPU
		{FD011856-1401-4B67-A652-12F2A5F90DE7}.Release|Any CPU.ActiveCfg = Release|Any CPU
		{FD011856-1401-4B67-A652-12F2A5F90DE7}.Release|Any CPU.Build.0 = Release|Any CPU
		{FD011856-1401-4B67-A652-12F2A5F90DE7}.Release|x64.ActiveCfg = Release|Any CPU
		{FD011856-1401-4B67-A652-12F2A5F90DE7}.Release|x64.Build.0 = Release|Any CPU
		{FD011856-1401-4B67-A652-12F2A5F90DE7}.Release|x86.ActiveCfg = Release|Any CPU
		{FD011856-1401-4B67-A652-12F2A5F90DE7}.Release|x86.Build.0 = Release|Any CPU
		{D0933E9E-40E8-42BB-A40F-581A5A37A723}.Debug|Any CPU.ActiveCfg = Debug|Any CPU
		{D0933E9E-40E8-42BB-A40F-581A5A37A723}.Debug|Any CPU.Build.0 = Debug|Any CPU
		{D0933E9E-40E8-42BB-A40F-581A5A37A723}.Debug|x64.ActiveCfg = Debug|Any CPU
		{D0933E9E-40E8-42BB-A40F-581A5A37A723}.Debug|x64.Build.0 = Debug|Any CPU
		{D0933E9E-40E8-42BB-A40F-581A5A37A723}.Debug|x86.ActiveCfg = Debug|Any CPU
		{D0933E9E-40E8-42BB-A40F-581A5A37A723}.Debug|x86.Build.0 = Debug|Any CPU
		{D0933E9E-40E8-42BB-A40F-581A5A37A723}.Release|Any CPU.ActiveCfg = Release|Any CPU
		{D0933E9E-40E8-42BB-A40F-581A5A37A723}.Release|Any CPU.Build.0 = Release|Any CPU
		{D0933E9E-40E8-42BB-A40F-581A5A37A723}.Release|x64.ActiveCfg = Release|Any CPU
		{D0933E9E-40E8-42BB-A40F-581A5A37A723}.Release|x64.Build.0 = Release|Any CPU
		{D0933E9E-40E8-42BB-A40F-581A5A37A723}.Release|x86.ActiveCfg = Release|Any CPU
		{D0933E9E-40E8-42BB-A40F-581A5A37A723}.Release|x86.Build.0 = Release|Any CPU
		{22A0C142-D4CF-1831-5BC3-45826F196A57}.Debug|Any CPU.ActiveCfg = Debug|Any CPU
		{22A0C142-D4CF-1831-5BC3-45826F196A57}.Debug|Any CPU.Build.0 = Debug|Any CPU
		{22A0C142-D4CF-1831-5BC3-45826F196A57}.Debug|Any CPU.Deploy.0 = Debug|Any CPU
		{22A0C142-D4CF-1831-5BC3-45826F196A57}.Debug|x64.ActiveCfg = Debug|Any CPU
		{22A0C142-D4CF-1831-5BC3-45826F196A57}.Debug|x64.Build.0 = Debug|Any CPU
		{22A0C142-D4CF-1831-5BC3-45826F196A57}.Debug|x64.Deploy.0 = Debug|Any CPU
		{22A0C142-D4CF-1831-5BC3-45826F196A57}.Debug|x86.ActiveCfg = Debug|Any CPU
		{22A0C142-D4CF-1831-5BC3-45826F196A57}.Debug|x86.Build.0 = Debug|Any CPU
		{22A0C142-D4CF-1831-5BC3-45826F196A57}.Debug|x86.Deploy.0 = Debug|Any CPU
		{22A0C142-D4CF-1831-5BC3-45826F196A57}.Release|Any CPU.ActiveCfg = Release|Any CPU
		{22A0C142-D4CF-1831-5BC3-45826F196A57}.Release|Any CPU.Build.0 = Release|Any CPU
		{22A0C142-D4CF-1831-5BC3-45826F196A57}.Release|Any CPU.Deploy.0 = Release|Any CPU
		{22A0C142-D4CF-1831-5BC3-45826F196A57}.Release|x64.ActiveCfg = Release|Any CPU
		{22A0C142-D4CF-1831-5BC3-45826F196A57}.Release|x64.Build.0 = Release|Any CPU
		{22A0C142-D4CF-1831-5BC3-45826F196A57}.Release|x64.Deploy.0 = Release|Any CPU
		{22A0C142-D4CF-1831-5BC3-45826F196A57}.Release|x86.ActiveCfg = Release|Any CPU
		{22A0C142-D4CF-1831-5BC3-45826F196A57}.Release|x86.Build.0 = Release|Any CPU
		{22A0C142-D4CF-1831-5BC3-45826F196A57}.Release|x86.Deploy.0 = Release|Any CPU
	EndGlobalSection
	GlobalSection(SolutionProperties) = preSolution
		HideSolutionNode = FALSE
	EndGlobalSection
	GlobalSection(ExtensibilityGlobals) = postSolution
		SolutionGuid = {0A373B9C-C745-4692-8D6F-AB342360AF63}
	EndGlobalSection
EndGlobal
